{
	"name": "universal-time",
	"lockfileVersion": 2,
	"requires": true,
	"packages": {
		"": {
			"dependencies": {
				"open-utilities": "file:../../../misc/npm-packages/open-utilities"
			}
		},
		"../../../misc/npm-packages/open-utilities": {
			"version": "1.0.0",
			"license": "MIT"
		},
		"../npm-packages/helion": {
			"version": "1.0.0",
			"extraneous": true
		},
		"../npm-packages/open-utilities": {
			"version": "1.0.0",
			"extraneous": true,
			"license": "MIT"
		},
		"node_modules/open-utilities": {
			"resolved": "../../../misc/npm-packages/open-utilities",
			"link": true
		}
	},
	"dependencies": {
		"open-utilities": {
			"version": "file:../../../misc/npm-packages/open-utilities"
		}
	}
}
